github.com/dblohm7/wingoes v0.0.0-20230131214643-2b26ab7fb5f9 h1:BHpX4mgaPLK+6K0ByiQ3fJH9ZrwmHfPJWPIO3et9j6g=
github.com/dblohm7/wingoes v0.0.0-20230131214643-2b26ab7fb5f9/go.mod h1:54MIJVGBIdbHuav7/YRAAhRxZvpEV9Z9p6jCKPLJ2lw=
github.com/tailscale/win v0.0.0-20230425231229-59dfb47dfef1 h1:HbWrZ+6/FQpFNTUFZdxwZ4NF9LNduAiE78kvdac8NSo=
github.com/tailscale/win v0.0.0-20230425231229-59dfb47dfef1/go.mod h1:bCmhgMXv5K6RcDeQFxOZWbZW18dKNLyihfZ5tzuJ0fk=
golang.org/x/exp v0.0.0-20230127140709-cafedaf64729 h1:H2kBA039yqxDv2DScpuC0knhZXO6Evfmt7mN8sGMh/4=
golang.org/x/exp v0.0.0-20230127140709-cafedaf64729/go.mod h1:CxIveKay+FTh1D0yPZemJVgC/95VzuuOLq5Qi4xnoYc=
golang.org/x/sys v0.7.0 h1:3jlCCIQZPdOYu1h8BkNvLz8Kgwtae2cagcG/VamtZRU=
golang.org/x/sys v0.7.0/go.mod h1:oPkhp1MJrh7nUepCBck5+mAzfO9JrbApNNgaTdGDITg=
gopkg.in/Knetic/govaluate.v3 v3.0.0 h1:18mUyIt4ZlRlFZAAfVetz4/rzlJs9yhN+U02F4u1AOc=
gopkg.in/Knetic/govaluate.v3 v3.0.0/go.mod h1:csKLBORsPbafmSCGTEh3U7Ozmsuq8ZSIlKk1bcqph0E=
